
Microsoft Visual Studio Solution File, Format Version 12.00
# Visual Studio Version 16
VisualStudioVersion = 25.0.1704.1
MinimumVisualStudioVersion = 10.0.40219.1
Project("{FAE04EC0-301F-11D3-BF4B-00C04F79EFBC}") = "tailwind-mvc", "tailwind-mvc\tailwind-mvc.csproj", "{8F9FCFB5-7C84-4DD2-A873-13A161DD135E}"
EndProject
Project("{2150E333-8FDC-42A3-9474-1A3956D46DE8}") = "Solution Items", "Solution Items", "{E8837F2B-D78B-4B48-946E-5B03068C8DFB}"
	ProjectSection(SolutionItems) = preProject
		global.json = global.json
	EndProjectSection
EndProject
Global
	GlobalSection(SolutionConfigurationPlatforms) = preSolution
		Debug|Any CPU = Debug|Any CPU
		Release|Any CPU = Release|Any CPU
	EndGlobalSection
	GlobalSection(ProjectConfigurationPlatforms) = postSolution
		{8F9FCFB5-7C84-4DD2-A873-13A161DD135E}.Debug|Any CPU.ActiveCfg = Debug|Any CPU
		{8F9FCFB5-7C84-4DD2-A873-13A161DD135E}.Debug|Any CPU.Build.0 = Debug|Any CPU
		{8F9FCFB5-7C84-4DD2-A873-13A161DD135E}.Release|Any CPU.ActiveCfg = Release|Any CPU
		{8F9FCFB5-7C84-4DD2-A873-13A161DD135E}.Release|Any CPU.Build.0 = Release|Any CPU
	EndGlobalSection
	GlobalSection(SolutionProperties) = preSolution
		HideSolutionNode = FALSE
	EndGlobalSection
	GlobalSection(ExtensibilityGlobals) = postSolution
		SolutionGuid = {6E0166CB-02DD-43DF-A427-702799C37EC5}
	EndGlobalSection
EndGlobal
